// !$*UTF8*$!
{
	archiveVersion = 1;
	classes = {
	};
	objectVersion = 50;
	objects = {

/* Begin PBXBuildFile section */
		B31829E72720787E004FCE5F /* AppDelegate.swift in Sources */ = {isa = PBXBuildFile; fileRef = B31829E62720787E004FCE5F /* AppDelegate.swift */; };
		B31829E92720787E004FCE5F /* SceneDelegate.swift in Sources */ = {isa = PBXBuildFile; fileRef = B31829E82720787E004FCE5F /* SceneDelegate.swift */; };
		B31829EB2720787E004FCE5F /* ViewController.swift in Sources */ = {isa = PBXBuildFile; fileRef = B31829EA2720787E004FCE5F /* ViewController.swift */; };
		B31829EE2720787E004FCE5F /* Main.storyboard in Resources */ = {isa = PBXBuildFile; fileRef = B31829EC2720787E004FCE5F /* Main.storyboard */; };
		B31829F02720787F004FCE5F /* Assets.xcassets in Resources */ = {isa = PBXBuildFile; fileRef = B31829EF2720787F004FCE5F /* Assets.xcassets */; };
		B31829F32720787F004FCE5F /* LaunchScreen.storyboard in Resources */ = {isa = PBXBuildFile; fileRef = B31829F12720787F004FCE5F /* LaunchScreen.storyboard */; };
		B3F71A302721BE6800F6E002 /* CheckInOutViewController.swift in Sources */ = {isa = PBXBuildFile; fileRef = B3F71A2F2721BE6800F6E002 /* CheckInOutViewController.swift */; };
		B3F71A342721CB1D00F6E002 /* DeviceStatusesTableViewController.swift in Sources */ = {isa = PBXBuildFile; fileRef = B3F71A332721CB1D00F6E002 /* DeviceStatusesTableViewController.swift */; };
/* End PBXBuildFile section */

/* Begin PBXFileReference section */
		B31829E32720787E004FCE5F /* Boys And Girls Club.app */ = {isa = PBXFileReference; explicitFileType = wrapper.application; includeInIndex = 0; path = "Boys And Girls Club.app"; sourceTree = BUILT_PRODUCTS_DIR; };
		B31829E62720787E004FCE5F /* AppDelegate.swift */ = {isa = PBXFileReference; lastKnownFileType = sourcecode.swift; path = AppDelegate.swift; sourceTree = "<group>"; };
		B31829E82720787E004FCE5F /* SceneDelegate.swift */ = {isa = PBXFileReference; lastKnownFileType = sourcecode.swift; path = SceneDelegate.swift; sourceTree = "<group>"; };
		B31829EA2720787E004FCE5F /* ViewController.swift */ = {isa = PBXFileReference; lastKnownFileType = sourcecode.swift; path = ViewController.swift; sourceTree = "<group>"; };
		B31829ED2720787E004FCE5F /* Base */ = {isa = PBXFileReference; lastKnownFileType = file.storyboard; name = Base; path = Base.lproj/Main.storyboard; sourceTree = "<group>"; };
		B31829EF2720787F004FCE5F /* Assets.xcassets */ = {isa = PBXFileReference; lastKnownFileType = folder.assetcatalog; path = Assets.xcassets; sourceTree = "<group>"; };
		B31829F22720787F004FCE5F /* Base */ = {isa = PBXFileReference; lastKnownFileType = file.storyboard; name = Base; path = Base.lproj/LaunchScreen.storyboard; sourceTree = "<group>"; };
		B31829F42720787F004FCE5F /* Info.plist */ = {isa = PBXFileReference; lastKnownFileType = text.plist.xml; path = Info.plist; sourceTree = "<group>"; };
		B3F71A2F2721BE6800F6E002 /* CheckInOutViewController.swift */ = {isa = PBXFileReference; lastKnownFileType = sourcecode.swift; path = CheckInOutViewController.swift; sourceTree = "<group>"; };
		B3F71A332721CB1D00F6E002 /* DeviceStatusesTableViewController.swift */ = {isa = PBXFileReference; lastKnownFileType = sourcecode.swift; path = DeviceStatusesTableViewController.swift; sourceTree = "<group>"; };
/* End PBXFileReference section */

/* Begin PBXFrameworksBuildPhase section */
		B31829E02720787E004FCE5F /* Frameworks */ = {
			isa = PBXFrameworksBuildPhase;
			buildActionMask = 2147483647;
			files = (
			);
			runOnlyForDeploymentPostprocessing = 0;
		};
/* End PBXFrameworksBuildPhase section */

/* Begin PBXGroup section */
		B31829DA2720787E004FCE5F = {
			isa = PBXGroup;
			children = (
				B31829E52720787E004FCE5F /* Boys And Girls Club */,
				B31829E42720787E004FCE5F /* Products */,
			);
			sourceTree = "<group>";
		};
		B31829E42720787E004FCE5F /* Products */ = {
			isa = PBXGroup;
			children = (
				B31829E32720787E004FCE5F /* Boys And Girls Club.app */,
			);
			name = Products;
			sourceTree = "<group>";
		};
		B31829E52720787E004FCE5F /* Boys And Girls Club */ = {
			isa = PBXGroup;
			children = (
				B31829E62720787E004FCE5F /* AppDelegate.swift */,
				B31829E82720787E004FCE5F /* SceneDelegate.swift */,
				B31829EA2720787E004FCE5F /* ViewController.swift */,
				B31829EC2720787E004FCE5F /* Main.storyboard */,
				B3F71A332721CB1D00F6E002 /* DeviceStatusesTableViewController.swift */,
				B3F71A2F2721BE6800F6E002 /* CheckInOutViewController.swift */,
				B31829EF2720787F004FCE5F /* Assets.xcassets */,
				B31829F12720787F004FCE5F /* LaunchScreen.storyboard */,
				B31829F42720787F004FCE5F /* Info.plist */,
			);
			path = "Boys And Girls Club";
			sourceTree = "<group>";
		};
/* End PBXGroup section */

/* Begin PBXNativeTarget section */
		B31829E22720787E004FCE5F /* Boys And Girls Club */ = {
			isa = PBXNativeTarget;
			buildConfigurationList = B31829F72720787F004FCE5F /* Build configuration list for PBXNativeTarget "Boys And Girls Club" */;
			buildPhases = (
				B31829DF2720787E004FCE5F /* Sources */,
				B31829E02720787E004FCE5F /* Frameworks */,
				B31829E12720787E004FCE5F /* Resources */,
			);
			buildRules = (
			);
			dependencies = (
			);
			name = "Boys And Girls Club";
			productName = "Boys And Girls Club";
			productReference = B31829E32720787E004FCE5F /* Boys And Girls Club.app */;
			productType = "com.apple.product-type.application";
		};
/* End PBXNativeTarget section */

/* Begin PBXProject section */
		B31829DB2720787E004FCE5F /* Project object */ = {
			isa = PBXProject;
			attributes = {
				LastSwiftUpdateCheck = 1250;
				LastUpgradeCheck = 1250;
				TargetAttributes = {
					B31829E22720787E004FCE5F = {
						CreatedOnToolsVersion = 12.5.1;
					};
				};
			};
			buildConfigurationList = B31829DE2720787E004FCE5F /* Build configuration list for PBXProject "Boys And Girls Club" */;
			compatibilityVersion = "Xcode 9.3";
			developmentRegion = en;
			hasScannedForEncodings = 0;
			knownRegions = (
				en,
				Base,
			);
			mainGroup = B31829DA2720787E004FCE5F;
			productRefGroup = B31829E42720787E004FCE5F /* Products */;
			projectDirPath = "";
			projectRoot = "";
			targets = (
				B31829E22720787E004FCE5F /* Boys And Girls Club */,
			);
		};
/* End PBXProject section */

/* Begin PBXResourcesBuildPhase section */
		B31829E12720787E004FCE5F /* Resources */ = {
			isa = PBXResourcesBuildPhase;
			buildActionMask = 2147483647;
			files = (
				B31829F32720787F004FCE5F /* LaunchScreen.storyboard in Resources */,
				B31829F02720787F004FCE5F /* Assets.xcassets in Resources */,
				B31829EE2720787E004FCE5F /* Main.storyboard in Resources */,
			);
			runOnlyForDeploymentPostprocessing = 0;
		};
/* End PBXResourcesBuildPhase section */

/* Begin PBXSourcesBuildPhase section */
		B31829DF2720787E004FCE5F /* Sources */ = {
			isa = PBXSourcesBuildPhase;
			buildActionMask = 2147483647;
			files = (
				B31829EB2720787E004FCE5F /* ViewController.swift in Sources */,
				B3F71A342721CB1D00F6E002 /* DeviceStatusesTableViewController.swift in Sources */,
				B3F71A302721BE6800F6E002 /* CheckInOutViewController.swift in Sources */,
				B31829E72720787E004FCE5F /* AppDelegate.swift in Sources */,
				B31829E92720787E004FCE5F /* SceneDelegate.swift in Sources */,
			);
			runOnlyForDeploymentPostprocessing = 0;
		};
/* End PBXSourcesBuildPhase section */

/* Begin PBXVariantGroup section */
		B31829EC2720787E004FCE5F /* Main.storyboard */ = {
			isa = PBXVariantGroup;
			children = (
				B31829ED2720787E004FCE5F /* Base */,
			);
			name = Main.storyboard;
			sourceTree = "<group>";
		};
		B31829F12720787F004FCE5F /* LaunchScreen.storyboard */ = {
			isa = PBXVariantGroup;
			children = (
				B31829F22720787F004FCE5F /* Base */,
			);
			name = LaunchScreen.storyboard;
			sourceTree = "<group>";
		};
/* End PBXVariantGroup section */

/* Begin XCBuildConfiguration section */
		B31829F52720787F004FCE5F /* Debug */ = {
			isa = XCBuildConfiguration;
			buildSettings = {
				ALWAYS_SEARCH_USER_PATHS = NO;
				CLANG_ANALYZER_NONNULL = YES;
				CLANG_ANALYZER_NUMBER_OBJECT_CONVERSION = YES_AGGRESSIVE;
				CLANG_CXX_LANGUAGE_STANDARD = "gnu++14";
				CLANG_CXX_LIBRARY = "libc++";
				CLANG_ENABLE_MODULES = YES;
				CLANG_ENABLE_OBJC_ARC = YES;
				CLANG_ENABLE_OBJC_WEAK = YES;
				CLANG_WARN_BLOCK_CAPTURE_AUTORELEASING = YES;
				CLANG_WARN_BOOL_CONVERSION = YES;
				CLANG_WARN_COMMA = YES;
				CLANG_WARN_CONSTANT_CONVERSION = YES;
				CLANG_WARN_DEPRECATED_OBJC_IMPLEMENTATIONS = YES;
				CLANG_WARN_DIRECT_OBJC_ISA_USAGE = YES_ERROR;
				CLANG_WARN_DOCUMENTATION_COMMENTS = YES;
				CLANG_WARN_EMPTY_BODY = YES;
				CLANG_WARN_ENUM_CONVERSION = YES;
				CLANG_WARN_INFINITE_RECURSION = YES;
				CLANG_WARN_INT_CONVERSION = YES;
				CLANG_WARN_NON_LITERAL_NULL_CONVERSION = YES;
				CLANG_WARN_OBJC_IMPLICIT_RETAIN_SELF = YES;
				CLANG_WARN_OBJC_LITERAL_CONVERSION = YES;
				CLANG_WARN_OBJC_ROOT_CLASS = YES_ERROR;
				CLANG_WARN_QUOTED_INCLUDE_IN_FRAMEWORK_HEADER = YES;
				CLANG_WARN_RANGE_LOOP_ANALYSIS = YES;
				CLANG_WARN_STRICT_PROTOTYPES = YES;
				CLANG_WARN_SUSPICIOUS_MOVE = YES;
				CLANG_WARN_UNGUARDED_AVAILABILITY = YES_AGGRESSIVE;
				CLANG_WARN_UNREACHABLE_CODE = YES;
				CLANG_WARN__DUPLICATE_METHOD_MATCH = YES;
				COPY_PHASE_STRIP = NO;
				DEBUG_INFORMATION_FORMAT = dwarf;
				ENABLE_STRICT_OBJC_MSGSEND = YES;
				ENABLE_TESTABILITY = YES;
				GCC_C_LANGUAGE_STANDARD = gnu11;
				GCC_DYNAMIC_NO_PIC = NO;
				GCC_NO_COMMON_BLOCKS = YES;
				GCC_OPTIMIZATION_LEVEL = 0;
				GCC_PREPROCESSOR_DEFINITIONS = (
					"DEBUG=1",
					"$(inherited)",
				);
				GCC_WARN_64_TO_32_BIT_CONVERSION = YES;
				GCC_WARN_ABOUT_RETURN_TYPE = YES_ERROR;
				GCC_WARN_UNDECLARED_SELECTOR = YES;
				GCC_WARN_UNINITIALIZED_AUTOS = YES_AGGRESSIVE;
				GCC_WARN_UNUSED_FUNCTION = YES;
				GCC_WARN_UNUSED_VARIABLE = YES;
				IPHONEOS_DEPLOYMENT_TARGET = 14.5;
				MTL_ENABLE_DEBUG_INFO = INCLUDE_SOURCE;
				MTL_FAST_MATH = YES;
				ONLY_ACTIVE_ARCH = YES;
				SDKROOT = iphoneos;
				SWIFT_ACTIVE_COMPILATION_CONDITIONS = DEBUG;
				SWIFT_OPTIMIZATION_LEVEL = "-Onone";
			};
			name = Debug;
		};
		B31829F62720787F004FCE5F /* Release */ = {
			isa = XCBuildConfiguration;
			buildSettings = {
				ALWAYS_SEARCH_USER_PATHS = NO;
				CLANG_ANALYZER_NONNULL = YES;
				CLANG_ANALYZER_NUMBER_OBJECT_CONVERSION = YES_AGGRESSIVE;
				CLANG_CXX_LANGUAGE_STANDARD = "gnu++14";
				CLANG_CXX_LIBRARY = "libc++";
				CLANG_ENABLE_MODULES = YES;
				CLANG_ENABLE_OBJC_ARC = YES;
				CLANG_ENABLE_OBJC_WEAK = YES;
				CLANG_WARN_BLOCK_CAPTURE_AUTORELEASING = YES;
				CLANG_WARN_BOOL_CONVERSION = YES;
				CLANG_WARN_COMMA = YES;
				CLANG_WARN_CONSTANT_CONVERSION = YES;
				CLANG_WARN_DEPRECATED_OBJC_IMPLEMENTATIONS = YES;
				CLANG_WARN_DIRECT_OBJC_ISA_USAGE = YES_ERROR;
				CLANG_WARN_DOCUMENTATION_COMMENTS = YES;
				CLANG_WARN_EMPTY_BODY = YES;
				CLANG_WARN_ENUM_CONVERSION = YES;
				CLANG_WARN_INFINITE_RECURSION = YES;
				CLANG_WARN_INT_CONVERSION = YES;
				CLANG_WARN_NON_LITERAL_NULL_CONVERSION = YES;
				CLANG_WARN_OBJC_IMPLICIT_RETAIN_SELF = YES;
				CLANG_WARN_OBJC_LITERAL_CONVERSION = YES;
				CLANG_WARN_OBJC_ROOT_CLASS = YES_ERROR;
				CLANG_WARN_QUOTED_INCLUDE_IN_FRAMEWORK_HEADER = YES;
				CLANG_WARN_RANGE_LOOP_ANALYSIS = YES;
				CLANG_WARN_STRICT_PROTOTYPES = YES;
				CLANG_WARN_SUSPICIOUS_MOVE = YES;
				CLANG_WARN_UNGUARDED_AVAILABILITY = YES_AGGRESSIVE;
				CLANG_WARN_UNREACHABLE_CODE = YES;
				CLANG_WARN__DUPLICATE_METHOD_MATCH = YES;
				COPY_PHASE_STRIP = NO;
				DEBUG_INFORMATION_FORMAT = "dwarf-with-dsym";
				ENABLE_NS_ASSERTIONS = NO;
				ENABLE_STRICT_OBJC_MSGSEND = YES;
				GCC_C_LANGUAGE_STANDARD = gnu11;
				GCC_NO_COMMON_BLOCKS = YES;
				GCC_WARN_64_TO_32_BIT_CONVERSION = YES;
				GCC_WARN_ABOUT_RETURN_TYPE = YES_ERROR;
				GCC_WARN_UNDECLARED_SELECTOR = YES;
				GCC_WARN_UNINITIALIZED_AUTOS = YES_AGGRESSIVE;
				GCC_WARN_UNUSED_FUNCTION = YES;
				GCC_WARN_UNUSED_VARIABLE = YES;
				IPHONEOS_DEPLOYMENT_TARGET = 14.5;
				MTL_ENABLE_DEBUG_INFO = NO;
				MTL_FAST_MATH = YES;
				SDKROOT = iphoneos;
				SWIFT_COMPILATION_MODE = wholemodule;
				SWIFT_OPTIMIZATION_LEVEL = "-O";
				VALIDATE_PRODUCT = YES;
			};
			name = Release;
		};
		B31829F82720787F004FCE5F /* Debug */ = {
			isa = XCBuildConfiguration;
			buildSettings = {
				ASSETCATALOG_COMPILER_APPICON_NAME = AppIcon;
				ASSETCATALOG_COMPILER_GLOBAL_ACCENT_COLOR_NAME = AccentColor;
				CODE_SIGN_STYLE = Automatic;
				DEVELOPMENT_TEAM = CMADG2L3X7;
				INFOPLIST_FILE = "Boys And Girls Club/Info.plist";
				LD_RUNPATH_SEARCH_PATHS = (
					"$(inherited)",
					"@executable_path/Frameworks",
				);
				PRODUCT_BUNDLE_IDENTIFIER = "Futures-Lab.Boys-And-Girls-Club";
				PRODUCT_NAME = "$(TARGET_NAME)";
				SWIFT_VERSION = 5.0;
				TARGETED_DEVICE_FAMILY = "1,2";
			};
			name = Debug;
		};
		B31829F92720787F004FCE5F /* Release */ = {
			isa = XCBuildConfiguration;
			buildSettings = {
				ASSETCATALOG_COMPILER_APPICON_NAME = AppIcon;
				ASSETCATALOG_COMPILER_GLOBAL_ACCENT_COLOR_NAME = AccentColor;
				CODE_SIGN_STYLE = Automatic;
				DEVELOPMENT_TEAM = CMADG2L3X7;
				INFOPLIST_FILE = "Boys And Girls Club/Info.plist";
				LD_RUNPATH_SEARCH_PATHS = (
					"$(inherited)",
					"@executable_path/Frameworks",
				);
				PRODUCT_BUNDLE_IDENTIFIER = "Futures-Lab.Boys-And-Girls-Club";
				PRODUCT_NAME = "$(TARGET_NAME)";
				SWIFT_VERSION = 5.0;
				TARGETED_DEVICE_FAMILY = "1,2";
			};
			name = Release;
		};
/* End XCBuildConfiguration section */

/* Begin XCConfigurationList section */
		B31829DE2720787E004FCE5F /* Build configuration list for PBXProject "Boys And Girls Club" */ = {
			isa = XCConfigurationList;
			buildConfigurations = (
				B31829F52720787F004FCE5F /* Debug */,
				B31829F62720787F004FCE5F /* Release */,
			);
			defaultConfigurationIsVisible = 0;
			defaultConfigurationName = Release;
		};
		B31829F72720787F004FCE5F /* Build configuration list for PBXNativeTarget "Boys And Girls Club" */ = {
			isa = XCConfigurationList;
			buildConfigurations = (
				B31829F82720787F004FCE5F /* Debug */,
				B31829F92720787F004FCE5F /* Release */,
			);
			defaultConfigurationIsVisible = 0;
			defaultConfigurationName = Release;
		};
/* End XCConfigurationList section */
	};
	rootObject = B31829DB2720787E004FCE5F /* Project object */;
}
